{
    "_meta": {
        "hash": {
            "sha256": "d672b30517984f5c66e1d859379ad69a72db802064cfa14b67417cb85329bc2f"
        },
        "pipfile-spec": 6,
        "requires": {
            "python_version": "3.7"
        },
        "sources": [
            {
                "name": "pypi",
                "url": "https://pypi.org/simple",
                "verify_ssl": true
            }
        ]
    },
    "default": {
        "aiofiles": {
            "hashes": [
                "sha256:9312414ae06472eb6f1d163f555e466a23aed1c8f60c30cccf7121dba2e53eb2",
                "sha256:edd247df9a19e0db16534d4baaf536d6609a43e1de5401d7a4c1c148753a1635"
            ],
            "markers": "python_version >= '3.7' and python_version < '4.0'",
            "version": "==23.1.0"
        },
        "aiohttp": {
            "hashes": [
                "sha256:00d198585474299c9c3b4f1d5de1a576cc230d562abc5e4a0e81d71a20a6ca55",
                "sha256:0155af66de8c21b8dba4992aaeeabf55503caefae00067a3b1139f86d0ec50ed",
                "sha256:09654a9eca62d1bd6d64aa44db2498f60a5c1e0ac4750953fdd79d5c88955e10",
                "sha256:199f1d106e2b44b6dacdf6f9245493c7d716b01d0b7fbe1959318ba4dc64d1f5",
                "sha256:296f30dedc9f4b9e7a301e5cc963012264112d78a1d3094cd83ef148fdf33ca1",
                "sha256:368ed312550bd663ce84dc4b032a962fcb3c7cae099dbbd48663afc305e3b939",
                "sha256:40d7ea570b88db017c51392349cf99b7aefaaddd19d2c78368aeb0bddde9d390",
                "sha256:629102a193162e37102c50713e2e31dc9a2fe7ac5e481da83e5bb3c0cee700aa",
                "sha256:6d5ec9b8948c3d957e75ea14d41e9330e1ac3fed24ec53766c780f82805140dc",
                "sha256:87331d1d6810214085a50749160196391a712a13336cd02ce1c3ea3d05bcf8d5",
                "sha256:9a02a04bbe581c8605ac423ba3a74999ec9d8bce7ae37977a3d38680f5780b6d",
                "sha256:9c4c83f4fa1938377da32bc2d59379025ceeee8e24b89f72fcbccd8ca22dc9bf",
                "sha256:9cddaff94c0135ee627213ac6ca6d05724bfe6e7a356e5e09ec57bd3249510f6",
                "sha256:a25237abf327530d9561ef751eef9511ab56fd9431023ca6f4803f1994104d72",
                "sha256:a5cbd7157b0e383738b8e29d6e556fde8726823dae0e348952a61742b21aeb12",
                "sha256:a97a516e02b726e089cffcde2eea0d3258450389bbac48cbe89e0f0b6e7b0366",
                "sha256:acc89b29b5f4e2332d65cd1b7d10c609a75b88ef8925d487a611ca788432dfa4",
                "sha256:b05bd85cc99b06740aad3629c2585bda7b83bd86e080b44ba47faf905fdf1300",
                "sha256:c2bec436a2b5dafe5eaeb297c03711074d46b6eb236d002c13c42f25c4a8ce9d",
                "sha256:cc619d974c8c11fe84527e4b5e1c07238799a8c29ea1c1285149170524ba9303",
                "sha256:d4392defd4648badaa42b3e101080ae3313e8f4787cb517efd3f5b8157eaefd6",
                "sha256:e1c3c582ee11af7f63a34a46f0448fca58e59889396ffdae1f482085061a2889"
            ],
            "index": "pypi",
            "version": "==3.5.4"
        },
        "async-timeout": {
            "hashes": [
                "sha256:0c3c816a028d47f659d6ff5c745cb2acf1f966da1fe5c19c77a70282b25f4c5f",
                "sha256:4291ca197d287d274d0b6cb5d6f8f8f82d434ed288f962539ff18cc9012f9ea3"
            ],
            "markers": "python_full_version >= '3.5.3'",
            "version": "==3.0.1"
        },
        "attrs": {
            "hashes": [
                "sha256:29e95c7f6778868dbd49170f98f8818f78f3dc5e0e37c0b1f474e3561b240836",
                "sha256:c9227bfc2f01993c03f68db37d1d15c9690188323c067c641f1a35ca58185f99"
            ],
            "markers": "python_version >= '3.6'",
            "version": "==22.2.0"
        },
        "chardet": {
            "hashes": [
                "sha256:84ab92ed1c4d4f16916e05906b6b75a6c0fb5db821cc65e70cbd64a3e2a5eaae",
                "sha256:fc323ffcaeaed0e0a02bf4d117757b98aed530d9ed4531e3e15460124c106691"
            ],
            "version": "==3.0.4"
        },
        "httptools": {
            "hashes": [
                "sha256:0297822cea9f90a38df29f48e40b42ac3d48a28637368f3ec6d15eebefd182f9",
                "sha256:1af91b3650ce518d226466f30bbba5b6376dbd3ddb1b2be8b0658c6799dd450b",
                "sha256:1f90cd6fd97c9a1b7fe9215e60c3bd97336742a0857f00a4cb31547bc22560c2",
                "sha256:24bb4bb8ac3882f90aa95403a1cb48465de877e2d5298ad6ddcfdebec060787d",
                "sha256:295874861c173f9101960bba332429bb77ed4dcd8cdf5cee9922eb00e4f6bc09",
                "sha256:3625a55886257755cb15194efbf209584754e31d336e09e2ffe0685a76cb4b60",
                "sha256:3a47a34f6015dd52c9eb629c0f5a8a5193e47bf2a12d9a3194d231eaf1bc451a",
                "sha256:3cb8acf8f951363b617a8420768a9f249099b92e703c052f9a51b66342eea89b",
                "sha256:4b098e4bb1174096a93f48f6193e7d9aa7071506a5877da09a783509ca5fff42",
                "sha256:4d9ebac23d2de960726ce45f49d70eb5466725c0087a078866043dad115f850f",
                "sha256:50d4613025f15f4b11f1c54bbed4761c0020f7f921b95143ad6d58c151198142",
                "sha256:5230a99e724a1bdbbf236a1b58d6e8504b912b0552721c7c6b8570925ee0ccde",
                "sha256:54465401dbbec9a6a42cf737627fb0f014d50dc7365a6b6cd57753f151a86ff0",
                "sha256:550059885dc9c19a072ca6d6735739d879be3b5959ec218ba3e013fd2255a11b",
                "sha256:557be7fbf2bfa4a2ec65192c254e151684545ebab45eca5d50477d562c40f986",
                "sha256:5b65be160adcd9de7a7e6413a4966665756e263f0d5ddeffde277ffeee0576a5",
                "sha256:64eba6f168803a7469866a9c9b5263a7463fa8b7a25b35e547492aa7322036b6",
                "sha256:72ad589ba5e4a87e1d404cc1cb1b5780bfcb16e2aec957b88ce15fe879cc08ca",
                "sha256:7d0c1044bce274ec6711f0770fd2d5544fe392591d204c68328e60a46f88843b",
                "sha256:7e5eefc58d20e4c2da82c78d91b2906f1a947ef42bd668db05f4ab4201a99f49",
                "sha256:850fec36c48df5a790aa735417dca8ce7d4b48d59b3ebd6f83e88a8125cde324",
                "sha256:85b392aba273566c3d5596a0a490978c085b79700814fb22bfd537d381dd230c",
                "sha256:8c2a56b6aad7cc8f5551d8e04ff5a319d203f9d870398b94702300de50190f63",
                "sha256:8f470c79061599a126d74385623ff4744c4e0f4a0997a353a44923c0b561ee51",
                "sha256:8ffce9d81c825ac1deaa13bc9694c0562e2840a48ba21cfc9f3b4c922c16f372",
                "sha256:9423a2de923820c7e82e18980b937893f4aa8251c43684fa1772e341f6e06887",
                "sha256:9b571b281a19762adb3f48a7731f6842f920fa71108aff9be49888320ac3e24d",
                "sha256:a04fe458a4597aa559b79c7f48fe3dceabef0f69f562daf5c5e926b153817281",
                "sha256:aa47ffcf70ba6f7848349b8a6f9b481ee0f7637931d91a9860a1838bfc586901",
                "sha256:bede7ee075e54b9a5bde695b4fc8f569f30185891796b2e4e09e2226801d09bd",
                "sha256:c1d2357f791b12d86faced7b5736dea9ef4f5ecdc6c3f253e445ee82da579449",
                "sha256:c6eeefd4435055a8ebb6c5cc36111b8591c192c56a95b45fe2af22d9881eee25",
                "sha256:ca1b7becf7d9d3ccdbb2f038f665c0f4857e08e1d8481cbcc1a86a0afcfb62b2",
                "sha256:e67d4f8734f8054d2c4858570cc4b233bf753f56e85217de4dfb2495904cf02e",
                "sha256:e8a34e4c0ab7b1ca17b8763613783e2458e77938092c18ac919420ab8655c8c1",
                "sha256:e90491a4d77d0cb82e0e7a9cb35d86284c677402e4ce7ba6b448ccc7325c5421",
                "sha256:ef1616b3ba965cd68e6f759eeb5d34fbf596a79e84215eeceebf34ba3f61fdc7",
                "sha256:f222e1e9d3f13b68ff8a835574eda02e67277d51631d69d7cf7f8e07df678c86",
                "sha256:f5e3088f4ed33947e16fd865b8200f9cfae1144f41b64a8cf19b599508e096bc",
                "sha256:f659d7a48401158c59933904040085c200b4be631cb5f23a7d561fbae593ec1f",
                "sha256:fe9c766a0c35b7e3d6b6939393c8dfdd5da3ac5dec7f971ec9134f284c6c36d6"
            ],
            "markers": "python_version >= '3.5'",
            "version": "==0.5.0"
        },
        "idna": {
            "hashes": [
                "sha256:814f528e8dead7d329833b91c5faa87d60bf71824cd12a7530b5526063d02cb4",
                "sha256:90b77e79eaa3eba6de819a0c442c0b4ceefc341a7a2ab77d7562bf49f425c5c2"
            ],
            "markers": "python_version >= '3.5'",
            "version": "==3.4"
        },
        "lxml": {
            "hashes": [
                "sha256:0537eee4902e8bf4f41bfee8133f7edf96533dd175930a12086d6a40d62376b2",
                "sha256:0562ec748abd230ab87d73384e08fa784f9b9cee89e28696087d2d22c052cc27",
                "sha256:09e91831e749fbf0f24608694e4573be0ef51430229450c39c83176cc2e2d353",
                "sha256:1ae4c0722fc70c0d4fba43ae33c2885f705e96dce1db41f75ae14a2d2749b428",
                "sha256:1c630c083d782cbaf1f7f37f6cac87bda9cff643cf2803a5f180f30d97955cef",
                "sha256:2fe74e3836bd8c0fa7467ffae05545233c7f37de1eb765cacfda15ad20c6574a",
                "sha256:37af783c2667ead34a811037bda56a0b142ac8438f7ed29ae93f82ddb812fbd6",
                "sha256:3f2d9eafbb0b24a33f56acd16f39fc935756524dcb3172892721c54713964c70",
                "sha256:47d8365a8ef14097aa4c65730689be51851b4ade677285a3b2daa03b37893e26",
                "sha256:510e904079bc56ea784677348e151e1156040dbfb736f1d8ea4b9e6d0ab2d9f4",
                "sha256:58d0851da422bba31c7f652a7e9335313cf94a641aa6d73b8f3c67602f75b593",
                "sha256:7940d5c2185ffb989203dacbb28e6ae88b4f1bb25d04e17f94b0edd82232bcbd",
                "sha256:7cf39bb3a905579836f7a8f3a45320d9eb22f16ab0c1e112efb940ced4d057a5",
                "sha256:9563a23c1456c0ab550c087833bc13fcc61013a66c6420921d5b70550ea312bf",
                "sha256:95b392952935947e0786a90b75cc33388549dcb19af716b525dae65b186138fc",
                "sha256:983129f3fd3cef5c3cf067adcca56e30a169656c00fcc6c648629dbb850b27fa",
                "sha256:a0b75b1f1854771844c647c464533def3e0a899dd094a85d1d4ed72ecaaee93d",
                "sha256:b5db89cc0ef624f3a81214b7961a99f443b8c91e88188376b6b322fd10d5b118",
                "sha256:c0a7751ba1a4bfbe7831920d98cee3ce748007eab8dfda74593d44079568219a",
                "sha256:c0c5a7d4aafcc30c9b6d8613a362567e32e5f5b708dc41bc3a81dac56f8af8bb",
                "sha256:d4d63d85eacc6cb37b459b16061e1f100d154bee89dc8d8f9a6128a5a538e92e",
                "sha256:da5e7e941d6e71c9c9a717c93725cda0708c2474f532e3680ac5e39ec57d224d",
                "sha256:dccad2b3c583f036f43f80ac99ee212c2fa9a45151358d55f13004d095e683b2",
                "sha256:df46307d39f2aeaafa1d25309b8a8d11738b73e9861f72d4d0a092528f498baa",
                "sha256:e70b5e1cb48828ddd2818f99b1662cb9226dc6f57d07fc75485405c77da17436",
                "sha256:ea825562b8cd057cbc9810d496b8b5dec37a1e2fc7b27bc7c1e72ce94462a09a"
            ],
            "index": "pypi",
            "version": "==4.3.1"
        },
        "monsterurl": {
            "hashes": [
                "sha256:3da4c5931f9de5b14568883f5b1c77b587960d0fefb8e9c07a3de1afb89eb944",
                "sha256:5a708fce9eaddf373092dc99372b000f42be122bc715fad71c694de9adeb93b7"
            ],
            "index": "pypi",
            "version": "==0.2"
        },
        "multidict": {
            "hashes": [
                "sha256:1ece5a3369835c20ed57adadc663400b5525904e53bae59ec854a5d36b39b21a",
                "sha256:275ca32383bc5d1894b6975bb4ca6a7ff16ab76fa622967625baeebcf8079000",
                "sha256:3750f2205b800aac4bb03b5ae48025a64e474d2c6cc79547988ba1d4122a09e2",
                "sha256:4538273208e7294b2659b1602490f4ed3ab1c8cf9dbdd817e0e9db8e64be2507",
                "sha256:5141c13374e6b25fe6bf092052ab55c0c03d21bd66c94a0e3ae371d3e4d865a5",
                "sha256:51a4d210404ac61d32dada00a50ea7ba412e6ea945bbe992e4d7a595276d2ec7",
                "sha256:5cf311a0f5ef80fe73e4f4c0f0998ec08f954a6ec72b746f3c179e37de1d210d",
                "sha256:6513728873f4326999429a8b00fc7ceddb2509b01d5fd3f3be7881a257b8d463",
                "sha256:7388d2ef3c55a8ba80da62ecfafa06a1c097c18032a501ffd4cabbc52d7f2b19",
                "sha256:9456e90649005ad40558f4cf51dbb842e32807df75146c6d940b6f5abb4a78f3",
                "sha256:c026fe9a05130e44157b98fea3ab12969e5b60691a276150db9eda71710cd10b",
                "sha256:d14842362ed4cf63751648e7672f7174c9818459d169231d03c56e84daf90b7c",
                "sha256:e0d072ae0f2a179c375f67e3da300b47e1a83293c554450b29c900e50afaae87",
                "sha256:f07acae137b71af3bb548bd8da720956a3bc9f9a0b87733e0899226a2317aeb7",
                "sha256:fbb77a75e529021e7c4a8d4e823d88ef4d23674a202be4f5addffc72cbb91430",
                "sha256:fcfbb44c59af3f8ea984de67ec7c306f618a3ec771c2843804069917a8f2e255",
                "sha256:feed85993dbdb1dbc29102f50bca65bdc68f2c0c8d352468c25b54874f23c39d"
            ],
            "markers": "python_version >= '3.5'",
            "version": "==4.7.6"
        },
        "sanic": {
            "hashes": [
                "sha256:4ce5ffd9588557caff844da0f4b478d263d0e836fa0204480a2a17958b333fe0",
                "sha256:e1f291cfc44627baad7e0855512c821fe3dbfe23f7d2a26561abb808d4511f14"
            ],
            "index": "pypi",
            "version": "==18.12.0"
        },
        "typing-extensions": {
            "hashes": [
                "sha256:5cb5f4a79139d699607b3ef622a1dedafa84e115ab0024e0d9c044a9479ca7cb",
                "sha256:fb33085c39dd998ac16d1431ebc293a8b3eedd00fd4a32de0ff79002c19511b4"
            ],
            "markers": "python_version < '3.8'",
            "version": "==4.5.0"
        },
        "ujson": {
            "hashes": [
                "sha256:025758cf6561af6986d77cd4af9367ab56dde5c7c50f13f59e6964b4b25df73e",
                "sha256:0551c1ba0bc9e05b69d9c18266dbc93252b5fa3cd9940051bc88a0dd33607b19",
                "sha256:05e411627e5d6ee773232960ca7307e66017f78e3fa74f7e95c3a8cc5cb05415",
                "sha256:0b46aee21e5d75426c4058dfdb42f7e7b1d130c664ee5027a8dbbc50872dc32b",
                "sha256:0bcde3135265ecdd5714a7de4fdc167925390d7b17ca325e59980f4114c962b8",
                "sha256:1120c8263f7d85e89533a2b46d80cc6def15114772010ede4d197739e111dba6",
                "sha256:13297a7d501f9c8c53e409d4fa57cc574e4fbfbe8807ef2c4c7ce2e3ec933a85",
                "sha256:191f88d5865740497b9827ef9b7c12f37a79872ac984e09f0901a10024019380",
                "sha256:1a2e645325f844f9c890c9d956fc2d35ca91f38c857278238ef6516c2f99cf7c",
                "sha256:2974b17bc522ef86d98b498959d82f03c02e07d9eb08746026415298f4a4bca3",
                "sha256:2d98248f1df1e1aab67e0374ab98945dd36bc1764753d71fd8aea5f296360b76",
                "sha256:31bdb6d771d5ef6d37134b42211500bfe176c55d399f3317e569783dc42ed38e",
                "sha256:3212847d3885bfd4f5fd56cdc37645a8f8e8a80d6cb569505da22fd9eb0e1a02",
                "sha256:326a96324ed9215b0bc9f1a5af324fb33900b6b0901516bcc421475d6596de0d",
                "sha256:381c97d326d1ec569d318cc0ae83940ea2df125ede1000871680fefd5b7fdea9",
                "sha256:39bb702ca1612253b5e4b6004e0f20208c98a446606aa351f9a7ba5ceaff0eb8",
                "sha256:3a0707f381f97e1287c0dbf94d95bd6c0bbf6e4eeeaa656f0076b7883010c818",
                "sha256:400e4ca8a59f71398e8fa56c4d2d6f535e2a121ddb57284ec15752ffce2dd63a",
                "sha256:422653083c6df6cec17fdb5d6106c209aad9b0c94131c53b073980403db22167",
                "sha256:511aa641a5b91d19280183b134fb6c473039d4dd82e987ac810cffba783521ac",
                "sha256:5df8b6369ee5ee2685fcc917f6c46b34e599c6e9a512fada6dfd752b909fa06a",
                "sha256:67f4e2fa81e1d99c01e7b1978ab0cbf3c9a8b663f683a709f87baad110d5b940",
                "sha256:68c7f753aec490c6566fd3cd301887c413ac3a588316e446f30a4134ac665668",
                "sha256:6a20f2f6e8818c1ab89dd4be6bbad3fc2ddb15287f89e7ea35f3eb849afebbd9",
                "sha256:6b953e09441e307504130755e5bd6b15850178d591f66292bba4608c4f7f9b00",
                "sha256:754f422aba8db8201a1073f25e2f732effc6471f8755708b16e6ebf19dd23634",
                "sha256:784dbd12925845a3f0757a956447e2fd31418abb5aeaebf3aca1203195f16fd1",
                "sha256:7d4c9ccd30e621e714ec24ca911ad8873567dc1ac1e5e914405ea9dd16b9d40c",
                "sha256:7e12272361e9722777c83b3f5b0bb91d402531f36e80c6e5fafb6acb89e897e3",
                "sha256:8cce79ce47c37132373fbdf55b683883c262a3a60763130e080b8394c1201d32",
                "sha256:8cd6117e33233f2de6bc896eea6a5a59b58a37db08f371157264e0ec5e51c76a",
                "sha256:8d472efa9c92e1b2933a22d2f1dbd5237087997136b24ac2b913bf4e8be03135",
                "sha256:91edcf9978ee401119e9c8589376ae37fd3e6e75ee365c49385cb005eaff1535",
                "sha256:9ae1d0094ce730e39e09656bc14074d9573cdd80adec1a55b06d8bf1f9613a01",
                "sha256:aa00b746138835271653b0c3da171d2a8b510c579381f71e8b8e03484d50d825",
                "sha256:aaa77af91df3f71858a1f792c74d3f2d3abf3875f93ab1a2b9a24b3797743b02",
                "sha256:b045ca5497a950cc3492840adb3bcb3b9e305ed6599ed14c6aeaa08011aa463f",
                "sha256:b40a3757a563ef77c3f2f9ea1732c2924e8b3b2bda3fa89513f949472ad40b6e",
                "sha256:baa76a6f707a6d22437fe9c7ec9719672fb04d4d9435a3e80ee9b1aaeb2089d9",
                "sha256:cec010d318a0238b1333ea9f40d5603d374cc026c29c4471e2661712c6682da1",
                "sha256:dd0d4ec694cab8a0a4d85f45f81ae0065465c4670f0db72ba48d6c4e7ae42834",
                "sha256:e2a9ddb5c6d1427056b8d62a1a172a18ae522b14d9ba5996b8281b09cba87edd",
                "sha256:e844be0831042aa91e847e5ab03bddd1089ab1a8dd0a1bf90411abf864f058b2",
                "sha256:e91947fda8354ea7faf698b084ebcdbabd239e7b15d8436fb74394f59a207ac9",
                "sha256:ea7fbc540bc04d5b05e5cd54e60ee8745ac665eedf2bad2ba9d12d5c7a7b7d2e",
                "sha256:ee29cf5cfc1e841708297633e1ce749aa851fb96830bbe51f2e5940741ff2441",
                "sha256:ef985eb2770900a485431910bd3f333b56d1a34b65f8c26a6ed8e8adf55f98d9",
                "sha256:f5c547d49a7e9d3f231e9323171bbbbcef63173fb007a2787cd4f05ac6269315",
                "sha256:fbea46c0fbc1c3bc8f957afd8dbb25b4ea3a356e18ee6dd79ace6cf32bd4cff7",
                "sha256:fd82932aaa224abd7d01e823b77aef9970f5ac1695027331d99e7f5fda9d37f5"
            ],
            "index": "pypi",
            "version": "==5.4.0"
        },
        "uvloop": {
            "hashes": [
                "sha256:0949caf774b9fcefc7c5756bacbbbd3fc4c05a6b7eebc7c7ad6f825b23998d6d",
                "sha256:0ddf6baf9cf11a1a22c71487f39f15b2cf78eb5bde7e5b45fbb99e8a9d91b9e1",
                "sha256:1436c8673c1563422213ac6907789ecb2b070f5939b9cbff9ef7113f2b531595",
                "sha256:23609ca361a7fc587031429fa25ad2ed7242941adec948f9d10c045bfecab06b",
                "sha256:2a6149e1defac0faf505406259561bc14b034cdf1d4711a3ddcdfbaa8d825a05",
                "sha256:2deae0b0fb00a6af41fe60a675cec079615b01d68beb4cc7b722424406b126a8",
                "sha256:307958f9fc5c8bb01fad752d1345168c0abc5d62c1b72a4a8c6c06f042b45b20",
                "sha256:30babd84706115626ea78ea5dbc7dd8d0d01a2e9f9b306d24ca4ed5796c66ded",
                "sha256:3378eb62c63bf336ae2070599e49089005771cc651c8769aaad72d1bd9385a7c",
                "sha256:3d97672dc709fa4447ab83276f344a165075fd9f366a97b712bdd3fee05efae8",
                "sha256:3db8de10ed684995a7f34a001f15b374c230f7655ae840964d51496e2f8a8474",
                "sha256:3ebeeec6a6641d0adb2ea71dcfb76017602ee2bfd8213e3fcc18d8f699c5104f",
                "sha256:45cea33b208971e87a31c17622e4b440cac231766ec11e5d22c76fab3bf9df62",
                "sha256:6708f30db9117f115eadc4f125c2a10c1a50d711461699a0cbfaa45b9a78e376",
                "sha256:68532f4349fd3900b839f588972b3392ee56042e440dd5873dfbbcd2cc67617c",
                "sha256:6aafa5a78b9e62493539456f8b646f85abc7093dd997f4976bb105537cf2635e",
                "sha256:7d37dccc7ae63e61f7b96ee2e19c40f153ba6ce730d8ba4d3b4e9738c1dccc1b",
                "sha256:864e1197139d651a76c81757db5eb199db8866e13acb0dfe96e6fc5d1cf45fc4",
                "sha256:8887d675a64cfc59f4ecd34382e5b4f0ef4ae1da37ed665adba0c2badf0d6578",
                "sha256:8efcadc5a0003d3a6e887ccc1fb44dec25594f117a94e3127954c05cf144d811",
                "sha256:9b09e0f0ac29eee0451d71798878eae5a4e6a91aa275e114037b27f7db72702d",
                "sha256:a4aee22ece20958888eedbad20e4dbb03c37533e010fb824161b4f05e641f738",
                "sha256:a5abddb3558d3f0a78949c750644a67be31e47936042d4f6c888dd6f3c95f4aa",
                "sha256:c092a2c1e736086d59ac8e41f9c98f26bbf9b9222a76f21af9dfe949b99b2eb9",
                "sha256:c686a47d57ca910a2572fddfe9912819880b8765e2f01dc0dd12a9bf8573e539",
                "sha256:cbbe908fda687e39afd6ea2a2f14c2c3e43f2ca88e3a11964b297822358d0e6c",
                "sha256:ce9f61938d7155f79d3cb2ffa663147d4a76d16e08f65e2c66b77bd41b356718",
                "sha256:dbbaf9da2ee98ee2531e0c780455f2841e4675ff580ecf93fe5c48fe733b5667",
                "sha256:f1e507c9ee39c61bfddd79714e4f85900656db1aec4d40c6de55648e85c2799c",
                "sha256:ff3d00b70ce95adce264462c930fbaecb29718ba6563db354608f37e49e09024"
            ],
            "markers": "sys_platform != 'win32' and implementation_name == 'cpython'",
            "version": "==0.17.0"
        },
        "websockets": {
            "hashes": [
                "sha256:0e2f7d6567838369af074f0ef4d0b802d19fa1fee135d864acc656ceefa33136",
                "sha256:2a16dac282b2fdae75178d0ed3d5b9bc3258dabfae50196cbb30578d84b6f6a6",
                "sha256:5a1fa6072405648cb5b3688e9ed3b94be683ce4a4e5723e6f5d34859dee495c1",
                "sha256:5c1f55a1274df9d6a37553fef8cff2958515438c58920897675c9bc70f5a0538",
                "sha256:669d1e46f165e0ad152ed8197f7edead22854a6c90419f544e0f234cc9dac6c4",
                "sha256:695e34c4dbea18d09ab2c258994a8bf6a09564e762655408241f6a14592d2908",
                "sha256:6b2e03d69afa8d20253455e67b64de1a82ff8612db105113cccec35d3f8429f0",
                "sha256:79ca7cdda7ad4e3663ea3c43bfa8637fc5d5604c7737f19a8964781abbd1148d",
                "sha256:7fd2dd9a856f72e6ed06f82facfce01d119b88457cd4b47b7ae501e8e11eba9c",
                "sha256:82c0354ac39379d836719a77ee360ef865377aa6fdead87909d50248d0f05f4d",
                "sha256:8f3b956d11c5b301206382726210dc1d3bee1a9ccf7aadf895aaf31f71c3716c",
                "sha256:91ec98640220ae05b34b79ee88abf27f97ef7c61cf525eec57ea8fcea9f7dddb",
                "sha256:952be9540d83dba815569d5cb5f31708801e0bbfc3a8c5aef1890b57ed7e58bf",
                "sha256:99ac266af38ba1b1fe13975aea01ac0e14bb5f3a3200d2c69f05385768b8568e",
                "sha256:9fa122e7adb24232247f8a89f2d9070bf64b7869daf93ac5e19546b409e47e96",
                "sha256:a0873eadc4b8ca93e2e848d490809e0123eea154aa44ecd0109c4d0171869584",
                "sha256:cb998bd4d93af46b8b49ecf5a72c0a98e5cc6d57fdca6527ba78ad89d6606484",
                "sha256:e02e57346f6a68523e3c43bbdf35dde5c440318d1f827208ae455f6a2ace446d",
                "sha256:e79a5a896bcee7fff24a788d72e5c69f13e61369d055f28113e71945a7eb1559",
                "sha256:ee55eb6bcf23ecc975e6b47c127c201b913598f38b6a300075f84eeef2d3baff",
                "sha256:f1414e6cbcea8d22843e7eafdfdfae3dd1aba41d1945f6ca66e4806c07c4f454"
            ],
            "markers": "python_version >= '3.4'",
            "version": "==6.0"
        },
        "yarl": {
            "hashes": [
                "sha256:009a028127e0a1755c38b03244c0bea9d5565630db9c4cf9572496e947137a87",
                "sha256:0414fd91ce0b763d4eadb4456795b307a71524dbacd015c657bb2a39db2eab89",
                "sha256:0978f29222e649c351b173da2b9b4665ad1feb8d1daa9d971eb90df08702668a",
                "sha256:0ef8fb25e52663a1c85d608f6dd72e19bd390e2ecaf29c17fb08f730226e3a08",
                "sha256:10b08293cda921157f1e7c2790999d903b3fd28cd5c208cf8826b3b508026996",
                "sha256:1684a9bd9077e922300ecd48003ddae7a7474e0412bea38d4631443a91d61077",
                "sha256:1b372aad2b5f81db66ee7ec085cbad72c4da660d994e8e590c997e9b01e44901",
                "sha256:1e21fb44e1eff06dd6ef971d4bdc611807d6bd3691223d9c01a18cec3677939e",
                "sha256:2305517e332a862ef75be8fad3606ea10108662bc6fe08509d5ca99503ac2aee",
                "sha256:24ad1d10c9db1953291f56b5fe76203977f1ed05f82d09ec97acb623a7976574",
                "sha256:272b4f1599f1b621bf2aabe4e5b54f39a933971f4e7c9aa311d6d7dc06965165",
                "sha256:2a1fca9588f360036242f379bfea2b8b44cae2721859b1c56d033adfd5893634",
                "sha256:2b4fa2606adf392051d990c3b3877d768771adc3faf2e117b9de7eb977741229",
                "sha256:3150078118f62371375e1e69b13b48288e44f6691c1069340081c3fd12c94d5b",
                "sha256:326dd1d3caf910cd26a26ccbfb84c03b608ba32499b5d6eeb09252c920bcbe4f",
                "sha256:34c09b43bd538bf6c4b891ecce94b6fa4f1f10663a8d4ca589a079a5018f6ed7",
                "sha256:388a45dc77198b2460eac0aca1efd6a7c09e976ee768b0d5109173e521a19daf",
                "sha256:3adeef150d528ded2a8e734ebf9ae2e658f4c49bf413f5f157a470e17a4a2e89",
                "sha256:3edac5d74bb3209c418805bda77f973117836e1de7c000e9755e572c1f7850d0",
                "sha256:3f6b4aca43b602ba0f1459de647af954769919c4714706be36af670a5f44c9c1",
                "sha256:3fc056e35fa6fba63248d93ff6e672c096f95f7836938241ebc8260e062832fe",
                "sha256:418857f837347e8aaef682679f41e36c24250097f9e2f315d39bae3a99a34cbf",
                "sha256:42430ff511571940d51e75cf42f1e4dbdded477e71c1b7a17f4da76c1da8ea76",
                "sha256:44ceac0450e648de86da8e42674f9b7077d763ea80c8ceb9d1c3e41f0f0a9951",
                "sha256:47d49ac96156f0928f002e2424299b2c91d9db73e08c4cd6742923a086f1c863",
                "sha256:48dd18adcf98ea9cd721a25313aef49d70d413a999d7d89df44f469edfb38a06",
                "sha256:49d43402c6e3013ad0978602bf6bf5328535c48d192304b91b97a3c6790b1562",
                "sha256:4d04acba75c72e6eb90745447d69f84e6c9056390f7a9724605ca9c56b4afcc6",
                "sha256:57a7c87927a468e5a1dc60c17caf9597161d66457a34273ab1760219953f7f4c",
                "sha256:58a3c13d1c3005dbbac5c9f0d3210b60220a65a999b1833aa46bd6677c69b08e",
                "sha256:5df5e3d04101c1e5c3b1d69710b0574171cc02fddc4b23d1b2813e75f35a30b1",
                "sha256:63243b21c6e28ec2375f932a10ce7eda65139b5b854c0f6b82ed945ba526bff3",
                "sha256:64dd68a92cab699a233641f5929a40f02a4ede8c009068ca8aa1fe87b8c20ae3",
                "sha256:6604711362f2dbf7160df21c416f81fac0de6dbcf0b5445a2ef25478ecc4c778",
                "sha256:6c4fcfa71e2c6a3cb568cf81aadc12768b9995323186a10827beccf5fa23d4f8",
                "sha256:6d88056a04860a98341a0cf53e950e3ac9f4e51d1b6f61a53b0609df342cc8b2",
                "sha256:705227dccbe96ab02c7cb2c43e1228e2826e7ead880bb19ec94ef279e9555b5b",
                "sha256:728be34f70a190566d20aa13dc1f01dc44b6aa74580e10a3fb159691bc76909d",
                "sha256:74dece2bfc60f0f70907c34b857ee98f2c6dd0f75185db133770cd67300d505f",
                "sha256:75c16b2a900b3536dfc7014905a128a2bea8fb01f9ee26d2d7d8db0a08e7cb2c",
                "sha256:77e913b846a6b9c5f767b14dc1e759e5aff05502fe73079f6f4176359d832581",
                "sha256:7a66c506ec67eb3159eea5096acd05f5e788ceec7b96087d30c7d2865a243918",
                "sha256:8c46d3d89902c393a1d1e243ac847e0442d0196bbd81aecc94fcebbc2fd5857c",
                "sha256:93202666046d9edadfe9f2e7bf5e0782ea0d497b6d63da322e541665d65a044e",
                "sha256:97209cc91189b48e7cfe777237c04af8e7cc51eb369004e061809bcdf4e55220",
                "sha256:a48f4f7fea9a51098b02209d90297ac324241bf37ff6be6d2b0149ab2bd51b37",
                "sha256:a783cd344113cb88c5ff7ca32f1f16532a6f2142185147822187913eb989f739",
                "sha256:ae0eec05ab49e91a78700761777f284c2df119376e391db42c38ab46fd662b77",
                "sha256:ae4d7ff1049f36accde9e1ef7301912a751e5bae0a9d142459646114c70ecba6",
                "sha256:b05df9ea7496df11b710081bd90ecc3a3db6adb4fee36f6a411e7bc91a18aa42",
                "sha256:baf211dcad448a87a0d9047dc8282d7de59473ade7d7fdf22150b1d23859f946",
                "sha256:bb81f753c815f6b8e2ddd2eef3c855cf7da193b82396ac013c661aaa6cc6b0a5",
                "sha256:bcd7bb1e5c45274af9a1dd7494d3c52b2be5e6bd8d7e49c612705fd45420b12d",
                "sha256:bf071f797aec5b96abfc735ab97da9fd8f8768b43ce2abd85356a3127909d146",
                "sha256:c15163b6125db87c8f53c98baa5e785782078fbd2dbeaa04c6141935eb6dab7a",
                "sha256:cb6d48d80a41f68de41212f3dfd1a9d9898d7841c8f7ce6696cf2fd9cb57ef83",
                "sha256:ceff9722e0df2e0a9e8a79c610842004fa54e5b309fe6d218e47cd52f791d7ef",
                "sha256:cfa2bbca929aa742b5084fd4663dd4b87c191c844326fcb21c3afd2d11497f80",
                "sha256:d617c241c8c3ad5c4e78a08429fa49e4b04bedfc507b34b4d8dceb83b4af3588",
                "sha256:d881d152ae0007809c2c02e22aa534e702f12071e6b285e90945aa3c376463c5",
                "sha256:da65c3f263729e47351261351b8679c6429151ef9649bba08ef2528ff2c423b2",
                "sha256:de986979bbd87272fe557e0a8fcb66fd40ae2ddfe28a8b1ce4eae22681728fef",
                "sha256:df60a94d332158b444301c7f569659c926168e4d4aad2cfbf4bce0e8fb8be826",
                "sha256:dfef7350ee369197106805e193d420b75467b6cceac646ea5ed3049fcc950a05",
                "sha256:e59399dda559688461762800d7fb34d9e8a6a7444fd76ec33220a926c8be1516",
                "sha256:e6f3515aafe0209dd17fb9bdd3b4e892963370b3de781f53e1746a521fb39fc0",
                "sha256:e7fd20d6576c10306dea2d6a5765f46f0ac5d6f53436217913e952d19237efc4",
                "sha256:ebb78745273e51b9832ef90c0898501006670d6e059f2cdb0e999494eb1450c2",
                "sha256:efff27bd8cbe1f9bd127e7894942ccc20c857aa8b5a0327874f30201e5ce83d0",
                "sha256:f37db05c6051eff17bc832914fe46869f8849de5b92dc4a3466cd63095d23dfd",
                "sha256:f8ca8ad414c85bbc50f49c0a106f951613dfa5f948ab69c10ce9b128d368baf8",
                "sha256:fb742dcdd5eec9f26b61224c23baea46c9055cf16f62475e11b9b15dfd5c117b",
                "sha256:fc77086ce244453e074e445104f0ecb27530d6fd3a46698e33f6c38951d5a0f1",
                "sha256:ff205b58dc2929191f68162633d5e10e8044398d7a45265f90a0f1d51f85f72c"
            ],
            "markers": "python_version >= '3.7'",
            "version": "==1.8.2"
        }
    },
    "develop": {
        "backcall": {
            "hashes": [
                "sha256:5cbdbf27be5e7cfadb448baf0aa95508f91f2bbc6c6437cd9cd06e2a4c215e1e",
                "sha256:fbbce6a29f263178a1f7915c1940bde0ec2b2a967566fe1c65c1dfb7422bd255"
            ],
            "version": "==0.2.0"
        },
        "decorator": {
            "hashes": [
                "sha256:637996211036b6385ef91435e4fae22989472f9d571faba8927ba8253acbc330",
                "sha256:b8c3f85900b9dc423225913c5aace94729fe1fa9763b38939a95226f02d37186"
            ],
            "markers": "python_version >= '3.5'",
            "version": "==5.1.1"
        },
        "ipython": {
            "hashes": [
                "sha256:06de667a9e406924f97781bda22d5d76bfb39762b678762d86a466e63f65dc39",
                "sha256:5d3e020a6b5f29df037555e5c45ab1088d6a7cf3bd84f47e0ba501eeb0c3ec82"
            ],
            "index": "pypi",
            "version": "==7.3.0"
        },
        "jedi": {
            "hashes": [
                "sha256:203c1fd9d969ab8f2119ec0a3342e0b49910045abe6af0a3ae83a5764d54639e",
                "sha256:bae794c30d07f6d910d32a7048af09b5a39ed740918da923c6b780790ebac612"
            ],
            "markers": "python_version >= '3.6'",
            "version": "==0.18.2"
        },
        "parso": {
            "hashes": [
                "sha256:8c07be290bb59f03588915921e29e8a50002acaf2cdc5fa0e0114f91709fafa0",
                "sha256:c001d4636cd3aecdaf33cbb40aebb59b094be2a74c556778ef5576c175e19e75"
            ],
            "markers": "python_version >= '3.6'",
            "version": "==0.8.3"
        },
        "pexpect": {
            "hashes": [
                "sha256:0b48a55dcb3c05f3329815901ea4fc1537514d6ba867a152b581d69ae3710937",
                "sha256:fc65a43959d153d0114afe13997d439c22823a27cefceb5ff35c2178c6784c0c"
            ],
            "markers": "sys_platform != 'win32'",
            "version": "==4.8.0"
        },
        "pickleshare": {
            "hashes": [
                "sha256:87683d47965c1da65cdacaf31c8441d12b8044cdec9aca500cd78fc2c683afca",
                "sha256:9649af414d74d4df115d5d718f82acb59c9d418196b7b4290ed47a12ce62df56"
            ],
            "version": "==0.7.5"
        },
        "prompt-toolkit": {
            "hashes": [
                "sha256:46642344ce457641f28fc9d1c9ca939b63dadf8df128b86f1b9860e59c73a5e4",
                "sha256:e7f8af9e3d70f514373bf41aa51bc33af12a6db3f71461ea47fea985defb2c31",
                "sha256:f15af68f66e664eaa559d4ac8a928111eebd5feda0c11738b5998045224829db"
            ],
            "version": "==2.0.10"
        },
        "ptyprocess": {
            "hashes": [
                "sha256:4b41f3967fce3af57cc7e94b888626c18bf37a083e3651ca8feeb66d492fef35",
                "sha256:5c5d0a3b48ceee0b48485e0c26037c0acd7d29765ca3fbb5cb3831d347423220"
            ],
            "version": "==0.7.0"
        },
        "pygments": {
            "hashes": [
                "sha256:b3ed06a9e8ac9a9aae5a6f5dbe78a8a58655d17b43b93c078f094ddc476ae297",
                "sha256:fa7bd7bd2771287c0de303af8bfdfc731f51bd2c6a47ab69d117138893b82717"
            ],
            "markers": "python_version >= '3.6'",
            "version": "==2.14.0"
        },
        "setuptools": {
            "hashes": [
                "sha256:2ee892cd5f29f3373097f5a814697e397cf3ce313616df0af11231e2ad118077",
                "sha256:b78aaa36f6b90a074c1fa651168723acbf45d14cb1196b6f02c0fd07f17623b2"
            ],
            "markers": "python_version >= '3.7'",
            "version": "==67.6.0"
        },
        "six": {
            "hashes": [
                "sha256:1e61c37477a1626458e36f7b1d82aa5c9b094fa4802892072e49de9c60c4c926",
                "sha256:8abb2f1d86890a2dfb989f9a77cfcfd3e47c2a354b01111771326f8aa26e0254"
            ],
            "markers": "python_version >= '2.7' and python_version not in '3.0, 3.1, 3.2, 3.3'",
            "version": "==1.16.0"
        },
        "traitlets": {
            "hashes": [
                "sha256:9e6ec080259b9a5940c797d58b613b5e31441c2257b87c2e795c5228ae80d2d8",
                "sha256:f6cde21a9c68cf756af02035f72d5a723bf607e862e7be33ece505abf4a3bad9"
            ],
            "markers": "python_version >= '3.7'",
            "version": "==5.9.0"
        },
        "wcwidth": {
            "hashes": [
                "sha256:795b138f6875577cd91bba52baf9e445cd5118fd32723b460e30a0af30ea230e",
                "sha256:a5220780a404dbe3353789870978e472cfe477761f06ee55077256e509b156d0"
            ],
            "version": "==0.2.6"
        }
    }
}
